// !$*UTF8*$!
{
	archiveVersion = 1;
	classes = {
	};
	objectVersion = 56;
	objects = {

/* Begin PBXBuildFile section */
		9B86347A28BBCE9300F046A4 /* RadioactiveCatApp.swift in Sources */ = {isa = PBXBuildFile; fileRef = 9B86347928BBCE9300F046A4 /* RadioactiveCatApp.swift */; };
		9B86347C28BBCE9300F046A4 /* ContentView.swift in Sources */ = {isa = PBXBuildFile; fileRef = 9B86347B28BBCE9300F046A4 /* ContentView.swift */; };
		9B86347E28BBCE9400F046A4 /* Assets.xcassets in Resources */ = {isa = PBXBuildFile; fileRef = 9B86347D28BBCE9400F046A4 /* Assets.xcassets */; };
		9B86348128BBCE9400F046A4 /* Preview Assets.xcassets in Resources */ = {isa = PBXBuildFile; fileRef = 9B86348028BBCE9400F046A4 /* Preview Assets.xcassets */; };
		9B86348B28BBCE9400F046A4 /* RadioactiveCatTests.swift in Sources */ = {isa = PBXBuildFile; fileRef = 9B86348A28BBCE9400F046A4 /* RadioactiveCatTests.swift */; };
		9B86349528BBCE9400F046A4 /* RadioactiveCatUITests.swift in Sources */ = {isa = PBXBuildFile; fileRef = 9B86349428BBCE9400F046A4 /* RadioactiveCatUITests.swift */; };
		9B86349728BBCE9400F046A4 /* RadioactiveCatUITestsLaunchTests.swift in Sources */ = {isa = PBXBuildFile; fileRef = 9B86349628BBCE9400F046A4 /* RadioactiveCatUITestsLaunchTests.swift */; };
/* End PBXBuildFile section */

/* Begin PBXContainerItemProxy section */
		9B86348728BBCE9400F046A4 /* PBXContainerItemProxy */ = {
			isa = PBXContainerItemProxy;
			containerPortal = 9B86346E28BBCE9300F046A4 /* Project object */;
			proxyType = 1;
			remoteGlobalIDString = 9B86347528BBCE9300F046A4;
			remoteInfo = RadioactiveCat;
		};
		9B86349128BBCE9400F046A4 /* PBXContainerItemProxy */ = {
			isa = PBXContainerItemProxy;
			containerPortal = 9B86346E28BBCE9300F046A4 /* Project object */;
			proxyType = 1;
			remoteGlobalIDString = 9B86347528BBCE9300F046A4;
			remoteInfo = RadioactiveCat;
		};
/* End PBXContainerItemProxy section */

/* Begin PBXFileReference section */
		9B86347628BBCE9300F046A4 /* RadioactiveCat.app */ = {isa = PBXFileReference; explicitFileType = wrapper.application; includeInIndex = 0; path = RadioactiveCat.app; sourceTree = BUILT_PRODUCTS_DIR; };
		9B86347928BBCE9300F046A4 /* RadioactiveCatApp.swift */ = {isa = PBXFileReference; lastKnownFileType = sourcecode.swift; path = RadioactiveCatApp.swift; sourceTree = "<group>"; };
		9B86347B28BBCE9300F046A4 /* ContentView.swift */ = {isa = PBXFileReference; lastKnownFileType = sourcecode.swift; path = ContentView.swift; sourceTree = "<group>"; };
		9B86347D28BBCE9400F046A4 /* Assets.xcassets */ = {isa = PBXFileReference; lastKnownFileType = folder.assetcatalog; path = Assets.xcassets; sourceTree = "<group>"; };
		9B86348028BBCE9400F046A4 /* Preview Assets.xcassets */ = {isa = PBXFileReference; lastKnownFileType = folder.assetcatalog; path = "Preview Assets.xcassets"; sourceTree = "<group>"; };
		9B86348628BBCE9400F046A4 /* RadioactiveCatTests.xctest */ = {isa = PBXFileReference; explicitFileType = wrapper.cfbundle; includeInIndex = 0; path = RadioactiveCatTests.xctest; sourceTree = BUILT_PRODUCTS_DIR; };
		9B86348A28BBCE9400F046A4 /* RadioactiveCatTests.swift */ = {isa = PBXFileReference; lastKnownFileType = sourcecode.swift; path = RadioactiveCatTests.swift; sourceTree = "<group>"; };
		9B86349028BBCE9400F046A4 /* RadioactiveCatUITests.xctest */ = {isa = PBXFileReference; explicitFileType = wrapper.cfbundle; includeInIndex = 0; path = RadioactiveCatUITests.xctest; sourceTree = BUILT_PRODUCTS_DIR; };
		9B86349428BBCE9400F046A4 /* RadioactiveCatUITests.swift */ = {isa = PBXFileReference; lastKnownFileType = sourcecode.swift; path = RadioactiveCatUITests.swift; sourceTree = "<group>"; };
		9B86349628BBCE9400F046A4 /* RadioactiveCatUITestsLaunchTests.swift */ = {isa = PBXFileReference; lastKnownFileType = sourcecode.swift; path = RadioactiveCatUITestsLaunchTests.swift; sourceTree = "<group>"; };
/* End PBXFileReference section */

/* Begin PBXFrameworksBuildPhase section */
		9B86347328BBCE9300F046A4 /* Frameworks */ = {
			isa = PBXFrameworksBuildPhase;
			buildActionMask = 2147483647;
			files = (
			);
			runOnlyForDeploymentPostprocessing = 0;
		};
		9B86348328BBCE9400F046A4 /* Frameworks */ = {
			isa = PBXFrameworksBuildPhase;
			buildActionMask = 2147483647;
			files = (
			);
			runOnlyForDeploymentPostprocessing = 0;
		};
		9B86348D28BBCE9400F046A4 /* Frameworks */ = {
			isa = PBXFrameworksBuildPhase;
			buildActionMask = 2147483647;
			files = (
			);
			runOnlyForDeploymentPostprocessing = 0;
		};
/* End PBXFrameworksBuildPhase section */

/* Begin PBXGroup section */
		9B86346D28BBCE9300F046A4 = {
			isa = PBXGroup;
			children = (
				9B86347828BBCE9300F046A4 /* RadioactiveCat */,
				9B86348928BBCE9400F046A4 /* RadioactiveCatTests */,
				9B86349328BBCE9400F046A4 /* RadioactiveCatUITests */,
				9B86347728BBCE9300F046A4 /* Products */,
			);
			sourceTree = "<group>";
		};
		9B86347728BBCE9300F046A4 /* Products */ = {
			isa = PBXGroup;
			children = (
				9B86347628BBCE9300F046A4 /* RadioactiveCat.app */,
				9B86348628BBCE9400F046A4 /* RadioactiveCatTests.xctest */,
				9B86349028BBCE9400F046A4 /* RadioactiveCatUITests.xctest */,
			);
			name = Products;
			sourceTree = "<group>";
		};
		9B86347828BBCE9300F046A4 /* RadioactiveCat */ = {
			isa = PBXGroup;
			children = (
				9B86347928BBCE9300F046A4 /* RadioactiveCatApp.swift */,
				9B86347B28BBCE9300F046A4 /* ContentView.swift */,
				9B86347D28BBCE9400F046A4 /* Assets.xcassets */,
				9B86347F28BBCE9400F046A4 /* Preview Content */,
			);
			path = RadioactiveCat;
			sourceTree = "<group>";
		};
		9B86347F28BBCE9400F046A4 /* Preview Content */ = {
			isa = PBXGroup;
			children = (
				9B86348028BBCE9400F046A4 /* Preview Assets.xcassets */,
			);
			path = "Preview Content";
			sourceTree = "<group>";
		};
		9B86348928BBCE9400F046A4 /* RadioactiveCatTests */ = {
			isa = PBXGroup;
			children = (
				9B86348A28BBCE9400F046A4 /* RadioactiveCatTests.swift */,
			);
			path = RadioactiveCatTests;
			sourceTree = "<group>";
		};
		9B86349328BBCE9400F046A4 /* RadioactiveCatUITests */ = {
			isa = PBXGroup;
			children = (
				9B86349428BBCE9400F046A4 /* RadioactiveCatUITests.swift */,
				9B86349628BBCE9400F046A4 /* RadioactiveCatUITestsLaunchTests.swift */,
			);
			path = RadioactiveCatUITests;
			sourceTree = "<group>";
		};
/* End PBXGroup section */

/* Begin PBXNativeTarget section */
		9B86347528BBCE9300F046A4 /* RadioactiveCat */ = {
			isa = PBXNativeTarget;
			buildConfigurationList = 9B86349A28BBCE9400F046A4 /* Build configuration list for PBXNativeTarget "RadioactiveCat" */;
			buildPhases = (
				9B86347228BBCE9300F046A4 /* Sources */,
				9B86347328BBCE9300F046A4 /* Frameworks */,
				9B86347428BBCE9300F046A4 /* Resources */,
			);
			buildRules = (
			);
			dependencies = (
			);
			name = RadioactiveCat;
			productName = RadioactiveCat;
			productReference = 9B86347628BBCE9300F046A4 /* RadioactiveCat.app */;
			productType = "com.apple.product-type.application";
		};
		9B86348528BBCE9400F046A4 /* RadioactiveCatTests */ = {
			isa = PBXNativeTarget;
			buildConfigurationList = 9B86349D28BBCE9400F046A4 /* Build configuration list for PBXNativeTarget "RadioactiveCatTests" */;
			buildPhases = (
				9B86348228BBCE9400F046A4 /* Sources */,
				9B86348328BBCE9400F046A4 /* Frameworks */,
				9B86348428BBCE9400F046A4 /* Resources */,
			);
			buildRules = (
			);
			dependencies = (
				9B86348828BBCE9400F046A4 /* PBXTargetDependency */,
			);
			name = RadioactiveCatTests;
			productName = RadioactiveCatTests;
			productReference = 9B86348628BBCE9400F046A4 /* RadioactiveCatTests.xctest */;
			productType = "com.apple.product-type.bundle.unit-test";
		};
		9B86348F28BBCE9400F046A4 /* RadioactiveCatUITests */ = {
			isa = PBXNativeTarget;
			buildConfigurationList = 9B8634A028BBCE9400F046A4 /* Build configuration list for PBXNativeTarget "RadioactiveCatUITests" */;
			buildPhases = (
				9B86348C28BBCE9400F046A4 /* Sources */,
				9B86348D28BBCE9400F046A4 /* Frameworks */,
				9B86348E28BBCE9400F046A4 /* Resources */,
			);
			buildRules = (
			);
			dependencies = (
				9B86349228BBCE9400F046A4 /* PBXTargetDependency */,
			);
			name = RadioactiveCatUITests;
			productName = RadioactiveCatUITests;
			productReference = 9B86349028BBCE9400F046A4 /* RadioactiveCatUITests.xctest */;
			productType = "com.apple.product-type.bundle.ui-testing";
		};
/* End PBXNativeTarget section */

/* Begin PBXProject section */
		9B86346E28BBCE9300F046A4 /* Project object */ = {
			isa = PBXProject;
			attributes = {
				BuildIndependentTargetsInParallel = 1;
				LastSwiftUpdateCheck = 1400;
				LastUpgradeCheck = 1400;
				TargetAttributes = {
					9B86347528BBCE9300F046A4 = {
						CreatedOnToolsVersion = 14.0;
					};
					9B86348528BBCE9400F046A4 = {
						CreatedOnToolsVersion = 14.0;
						TestTargetID = 9B86347528BBCE9300F046A4;
					};
					9B86348F28BBCE9400F046A4 = {
						CreatedOnToolsVersion = 14.0;
						TestTargetID = 9B86347528BBCE9300F046A4;
					};
				};
			};
			buildConfigurationList = 9B86347128BBCE9300F046A4 /* Build configuration list for PBXProject "RadioactiveCat" */;
			compatibilityVersion = "Xcode 14.0";
			developmentRegion = en;
			hasScannedForEncodings = 0;
			knownRegions = (
				en,
				Base,
			);
			mainGroup = 9B86346D28BBCE9300F046A4;
			productRefGroup = 9B86347728BBCE9300F046A4 /* Products */;
			projectDirPath = "";
			projectRoot = "";
			targets = (
				9B86347528BBCE9300F046A4 /* RadioactiveCat */,
				9B86348528BBCE9400F046A4 /* RadioactiveCatTests */,
				9B86348F28BBCE9400F046A4 /* RadioactiveCatUITests */,
			);
		};
/* End PBXProject section */

/* Begin PBXResourcesBuildPhase section */
		9B86347428BBCE9300F046A4 /* Resources */ = {
			isa = PBXResourcesBuildPhase;
			buildActionMask = 2147483647;
			files = (
				9B86348128BBCE9400F046A4 /* Preview Assets.xcassets in Resources */,
				9B86347E28BBCE9400F046A4 /* Assets.xcassets in Resources */,
			);
			runOnlyForDeploymentPostprocessing = 0;
		};
		9B86348428BBCE9400F046A4 /* Resources */ = {
			isa = PBXResourcesBuildPhase;
			buildActionMask = 2147483647;
			files = (
			);
			runOnlyForDeploymentPostprocessing = 0;
		};
		9B86348E28BBCE9400F046A4 /* Resources */ = {
			isa = PBXResourcesBuildPhase;
			buildActionMask = 2147483647;
			files = (
			);
			runOnlyForDeploymentPostprocessing = 0;
		};
/* End PBXResourcesBuildPhase section */

/* Begin PBXSourcesBuildPhase section */
		9B86347228BBCE9300F046A4 /* Sources */ = {
			isa = PBXSourcesBuildPhase;
			buildActionMask = 2147483647;
			files = (
				9B86347C28BBCE9300F046A4 /* ContentView.swift in Sources */,
				9B86347A28BBCE9300F046A4 /* RadioactiveCatApp.swift in Sources */,
			);
			runOnlyForDeploymentPostprocessing = 0;
		};
		9B86348228BBCE9400F046A4 /* Sources */ = {
			isa = PBXSourcesBuildPhase;
			buildActionMask = 2147483647;
			files = (
				9B86348B28BBCE9400F046A4 /* RadioactiveCatTests.swift in Sources */,
			);
			runOnlyForDeploymentPostprocessing = 0;
		};
		9B86348C28BBCE9400F046A4 /* Sources */ = {
			isa = PBXSourcesBuildPhase;
			buildActionMask = 2147483647;
			files = (
				9B86349528BBCE9400F046A4 /* RadioactiveCatUITests.swift in Sources */,
				9B86349728BBCE9400F046A4 /* RadioactiveCatUITestsLaunchTests.swift in Sources */,
			);
			runOnlyForDeploymentPostprocessing = 0;
		};
/* End PBXSourcesBuildPhase section */

/* Begin PBXTargetDependency section */
		9B86348828BBCE9400F046A4 /* PBXTargetDependency */ = {
			isa = PBXTargetDependency;
			target = 9B86347528BBCE9300F046A4 /* RadioactiveCat */;
			targetProxy = 9B86348728BBCE9400F046A4 /* PBXContainerItemProxy */;
		};
		9B86349228BBCE9400F046A4 /* PBXTargetDependency */ = {
			isa = PBXTargetDependency;
			target = 9B86347528BBCE9300F046A4 /* RadioactiveCat */;
			targetProxy = 9B86349128BBCE9400F046A4 /* PBXContainerItemProxy */;
		};
/* End PBXTargetDependency section */

/* Begin XCBuildConfiguration section */
		9B86349828BBCE9400F046A4 /* Debug */ = {
			isa = XCBuildConfiguration;
			buildSettings = {
				ALWAYS_SEARCH_USER_PATHS = NO;
				CLANG_ANALYZER_NONNULL = YES;
				CLANG_ANALYZER_NUMBER_OBJECT_CONVERSION = YES_AGGRESSIVE;
				CLANG_CXX_LANGUAGE_STANDARD = "gnu++20";
				CLANG_ENABLE_MODULES = YES;
				CLANG_ENABLE_OBJC_ARC = YES;
				CLANG_ENABLE_OBJC_WEAK = YES;
				CLANG_WARN_BLOCK_CAPTURE_AUTORELEASING = YES;
				CLANG_WARN_BOOL_CONVERSION = YES;
				CLANG_WARN_COMMA = YES;
				CLANG_WARN_CONSTANT_CONVERSION = YES;
				CLANG_WARN_DEPRECATED_OBJC_IMPLEMENTATIONS = YES;
				CLANG_WARN_DIRECT_OBJC_ISA_USAGE = YES_ERROR;
				CLANG_WARN_DOCUMENTATION_COMMENTS = YES;
				CLANG_WARN_EMPTY_BODY = YES;
				CLANG_WARN_ENUM_CONVERSION = YES;
				CLANG_WARN_INFINITE_RECURSION = YES;
				CLANG_WARN_INT_CONVERSION = YES;
				CLANG_WARN_NON_LITERAL_NULL_CONVERSION = YES;
				CLANG_WARN_OBJC_IMPLICIT_RETAIN_SELF = YES;
				CLANG_WARN_OBJC_LITERAL_CONVERSION = YES;
				CLANG_WARN_OBJC_ROOT_CLASS = YES_ERROR;
				CLANG_WARN_QUOTED_INCLUDE_IN_FRAMEWORK_HEADER = YES;
				CLANG_WARN_RANGE_LOOP_ANALYSIS = YES;
				CLANG_WARN_STRICT_PROTOTYPES = YES;
				CLANG_WARN_SUSPICIOUS_MOVE = YES;
				CLANG_WARN_UNGUARDED_AVAILABILITY = YES_AGGRESSIVE;
				CLANG_WARN_UNREACHABLE_CODE = YES;
				CLANG_WARN__DUPLICATE_METHOD_MATCH = YES;
				COPY_PHASE_STRIP = NO;
				DEBUG_INFORMATION_FORMAT = dwarf;
				ENABLE_STRICT_OBJC_MSGSEND = YES;
				ENABLE_TESTABILITY = YES;
				GCC_C_LANGUAGE_STANDARD = gnu11;
				GCC_DYNAMIC_NO_PIC = NO;
				GCC_NO_COMMON_BLOCKS = YES;
				GCC_OPTIMIZATION_LEVEL = 0;
				GCC_PREPROCESSOR_DEFINITIONS = (
					"DEBUG=1",
					"$(inherited)",
				);
				GCC_WARN_64_TO_32_BIT_CONVERSION = YES;
				GCC_WARN_ABOUT_RETURN_TYPE = YES_ERROR;
				GCC_WARN_UNDECLARED_SELECTOR = YES;
				GCC_WARN_UNINITIALIZED_AUTOS = YES_AGGRESSIVE;
				GCC_WARN_UNUSED_FUNCTION = YES;
				GCC_WARN_UNUSED_VARIABLE = YES;
				IPHONEOS_DEPLOYMENT_TARGET = 16.0;
				MTL_ENABLE_DEBUG_INFO = INCLUDE_SOURCE;
				MTL_FAST_MATH = YES;
				ONLY_ACTIVE_ARCH = YES;
				SDKROOT = iphoneos;
				SWIFT_ACTIVE_COMPILATION_CONDITIONS = DEBUG;
				SWIFT_OPTIMIZATION_LEVEL = "-Onone";
			};
			name = Debug;
		};
		9B86349928BBCE9400F046A4 /* Release */ = {
			isa = XCBuildConfiguration;
			buildSettings = {
				ALWAYS_SEARCH_USER_PATHS = NO;
				CLANG_ANALYZER_NONNULL = YES;
				CLANG_ANALYZER_NUMBER_OBJECT_CONVERSION = YES_AGGRESSIVE;
				CLANG_CXX_LANGUAGE_STANDARD = "gnu++20";
				CLANG_ENABLE_MODULES = YES;
				CLANG_ENABLE_OBJC_ARC = YES;
				CLANG_ENABLE_OBJC_WEAK = YES;
				CLANG_WARN_BLOCK_CAPTURE_AUTORELEASING = YES;
				CLANG_WARN_BOOL_CONVERSION = YES;
				CLANG_WARN_COMMA = YES;
				CLANG_WARN_CONSTANT_CONVERSION = YES;
				CLANG_WARN_DEPRECATED_OBJC_IMPLEMENTATIONS = YES;
				CLANG_WARN_DIRECT_OBJC_ISA_USAGE = YES_ERROR;
				CLANG_WARN_DOCUMENTATION_COMMENTS = YES;
				CLANG_WARN_EMPTY_BODY = YES;
				CLANG_WARN_ENUM_CONVERSION = YES;
				CLANG_WARN_INFINITE_RECURSION = YES;
				CLANG_WARN_INT_CONVERSION = YES;
				CLANG_WARN_NON_LITERAL_NULL_CONVERSION = YES;
				CLANG_WARN_OBJC_IMPLICIT_RETAIN_SELF = YES;
				CLANG_WARN_OBJC_LITERAL_CONVERSION = YES;
				CLANG_WARN_OBJC_ROOT_CLASS = YES_ERROR;
				CLANG_WARN_QUOTED_INCLUDE_IN_FRAMEWORK_HEADER = YES;
				CLANG_WARN_RANGE_LOOP_ANALYSIS = YES;
				CLANG_WARN_STRICT_PROTOTYPES = YES;
				CLANG_WARN_SUSPICIOUS_MOVE = YES;
				CLANG_WARN_UNGUARDED_AVAILABILITY = YES_AGGRESSIVE;
				CLANG_WARN_UNREACHABLE_CODE = YES;
				CLANG_WARN__DUPLICATE_METHOD_MATCH = YES;
				COPY_PHASE_STRIP = NO;
				DEBUG_INFORMATION_FORMAT = "dwarf-with-dsym";
				ENABLE_NS_ASSERTIONS = NO;
				ENABLE_STRICT_OBJC_MSGSEND = YES;
				GCC_C_LANGUAGE_STANDARD = gnu11;
				GCC_NO_COMMON_BLOCKS = YES;
				GCC_WARN_64_TO_32_BIT_CONVERSION = YES;
				GCC_WARN_ABOUT_RETURN_TYPE = YES_ERROR;
				GCC_WARN_UNDECLARED_SELECTOR = YES;
				GCC_WARN_UNINITIALIZED_AUTOS = YES_AGGRESSIVE;
				GCC_WARN_UNUSED_FUNCTION = YES;
				GCC_WARN_UNUSED_VARIABLE = YES;
				IPHONEOS_DEPLOYMENT_TARGET = 16.0;
				MTL_ENABLE_DEBUG_INFO = NO;
				MTL_FAST_MATH = YES;
				SDKROOT = iphoneos;
				SWIFT_COMPILATION_MODE = wholemodule;
				SWIFT_OPTIMIZATION_LEVEL = "-O";
				VALIDATE_PRODUCT = YES;
			};
			name = Release;
		};
		9B86349B28BBCE9400F046A4 /* Debug */ = {
			isa = XCBuildConfiguration;
			buildSettings = {
				ASSETCATALOG_COMPILER_APPICON_NAME = AppIcon;
				ASSETCATALOG_COMPILER_GLOBAL_ACCENT_COLOR_NAME = AccentColor;
				CODE_SIGN_STYLE = Automatic;
				CURRENT_PROJECT_VERSION = 1;
				DEVELOPMENT_ASSET_PATHS = "\"RadioactiveCat/Preview Content\"";
				DEVELOPMENT_TEAM = 4U392EMNT3;
				ENABLE_PREVIEWS = YES;
				GENERATE_INFOPLIST_FILE = YES;
				INFOPLIST_KEY_UIApplicationSceneManifest_Generation = YES;
				INFOPLIST_KEY_UIApplicationSupportsIndirectInputEvents = YES;
				INFOPLIST_KEY_UILaunchScreen_Generation = YES;
				INFOPLIST_KEY_UISupportedInterfaceOrientations_iPad = "UIInterfaceOrientationPortrait UIInterfaceOrientationPortraitUpsideDown UIInterfaceOrientationLandscapeLeft UIInterfaceOrientationLandscapeRight";
				INFOPLIST_KEY_UISupportedInterfaceOrientations_iPhone = "UIInterfaceOrientationPortrait UIInterfaceOrientationLandscapeLeft UIInterfaceOrientationLandscapeRight";
				LD_RUNPATH_SEARCH_PATHS = (
					"$(inherited)",
					"@executable_path/Frameworks",
				);
				MARKETING_VERSION = 1.0;
				PRODUCT_BUNDLE_IDENTIFIER = com.designatednerd.RadioactiveCat;
				PRODUCT_NAME = "$(TARGET_NAME)";
				SWIFT_EMIT_LOC_STRINGS = YES;
				SWIFT_VERSION = 5.0;
				TARGETED_DEVICE_FAMILY = "1,2";
			};
			name = Debug;
		};
		9B86349C28BBCE9400F046A4 /* Release */ = {
			isa = XCBuildConfiguration;
			buildSettings = {
				ASSETCATALOG_COMPILER_APPICON_NAME = AppIcon;
				ASSETCATALOG_COMPILER_GLOBAL_ACCENT_COLOR_NAME = AccentColor;
				CODE_SIGN_STYLE = Automatic;
				CURRENT_PROJECT_VERSION = 1;
				DEVELOPMENT_ASSET_PATHS = "\"RadioactiveCat/Preview Content\"";
				DEVELOPMENT_TEAM = 4U392EMNT3;
				ENABLE_PREVIEWS = YES;
				GENERATE_INFOPLIST_FILE = YES;
				INFOPLIST_KEY_UIApplicationSceneManifest_Generation = YES;
				INFOPLIST_KEY_UIApplicationSupportsIndirectInputEvents = YES;
				INFOPLIST_KEY_UILaunchScreen_Generation = YES;
				INFOPLIST_KEY_UISupportedInterfaceOrientations_iPad = "UIInterfaceOrientationPortrait UIInterfaceOrientationPortraitUpsideDown UIInterfaceOrientationLandscapeLeft UIInterfaceOrientationLandscapeRight";
				INFOPLIST_KEY_UISupportedInterfaceOrientations_iPhone = "UIInterfaceOrientationPortrait UIInterfaceOrientationLandscapeLeft UIInterfaceOrientationLandscapeRight";
				LD_RUNPATH_SEARCH_PATHS = (
					"$(inherited)",
					"@executable_path/Frameworks",
				);
				MARKETING_VERSION = 1.0;
				PRODUCT_BUNDLE_IDENTIFIER = com.designatednerd.RadioactiveCat;
				PRODUCT_NAME = "$(TARGET_NAME)";
				SWIFT_EMIT_LOC_STRINGS = YES;
				SWIFT_VERSION = 5.0;
				TARGETED_DEVICE_FAMILY = "1,2";
			};
			name = Release;
		};
		9B86349E28BBCE9400F046A4 /* Debug */ = {
			isa = XCBuildConfiguration;
			buildSettings = {
				ALWAYS_EMBED_SWIFT_STANDARD_LIBRARIES = YES;
				BUNDLE_LOADER = "$(TEST_HOST)";
				CODE_SIGN_STYLE = Automatic;
				CURRENT_PROJECT_VERSION = 1;
				DEVELOPMENT_TEAM = 4U392EMNT3;
				GENERATE_INFOPLIST_FILE = YES;
				IPHONEOS_DEPLOYMENT_TARGET = 16.0;
				MARKETING_VERSION = 1.0;
				PRODUCT_BUNDLE_IDENTIFIER = com.designatednerd.RadioactiveCatTests;
				PRODUCT_NAME = "$(TARGET_NAME)";
				SWIFT_EMIT_LOC_STRINGS = NO;
				SWIFT_VERSION = 5.0;
				TARGETED_DEVICE_FAMILY = "1,2";
				TEST_HOST = "$(BUILT_PRODUCTS_DIR)/RadioactiveCat.app/$(BUNDLE_EXECUTABLE_FOLDER_PATH)/RadioactiveCat";
			};
			name = Debug;
		};
		9B86349F28BBCE9400F046A4 /* Release */ = {
			isa = XCBuildConfiguration;
			buildSettings = {
				ALWAYS_EMBED_SWIFT_STANDARD_LIBRARIES = YES;
				BUNDLE_LOADER = "$(TEST_HOST)";
				CODE_SIGN_STYLE = Automatic;
				CURRENT_PROJECT_VERSION = 1;
				DEVELOPMENT_TEAM = 4U392EMNT3;
				GENERATE_INFOPLIST_FILE = YES;
				IPHONEOS_DEPLOYMENT_TARGET = 16.0;
				MARKETING_VERSION = 1.0;
				PRODUCT_BUNDLE_IDENTIFIER = com.designatednerd.RadioactiveCatTests;
				PRODUCT_NAME = "$(TARGET_NAME)";
				SWIFT_EMIT_LOC_STRINGS = NO;
				SWIFT_VERSION = 5.0;
				TARGETED_DEVICE_FAMILY = "1,2";
				TEST_HOST = "$(BUILT_PRODUCTS_DIR)/RadioactiveCat.app/$(BUNDLE_EXECUTABLE_FOLDER_PATH)/RadioactiveCat";
			};
			name = Release;
		};
		9B8634A128BBCE9400F046A4 /* Debug */ = {
			isa = XCBuildConfiguration;
			buildSettings = {
				ALWAYS_EMBED_SWIFT_STANDARD_LIBRARIES = YES;
				CODE_SIGN_STYLE = Automatic;
				CURRENT_PROJECT_VERSION = 1;
				DEVELOPMENT_TEAM = 4U392EMNT3;
				GENERATE_INFOPLIST_FILE = YES;
				MARKETING_VERSION = 1.0;
				PRODUCT_BUNDLE_IDENTIFIER = com.designatednerd.RadioactiveCatUITests;
				PRODUCT_NAME = "$(TARGET_NAME)";
				SWIFT_EMIT_LOC_STRINGS = NO;
				SWIFT_VERSION = 5.0;
				TARGETED_DEVICE_FAMILY = "1,2";
				TEST_TARGET_NAME = RadioactiveCat;
			};
			name = Debug;
		};
		9B8634A228BBCE9400F046A4 /* Release */ = {
			isa = XCBuildConfiguration;
			buildSettings = {
				ALWAYS_EMBED_SWIFT_STANDARD_LIBRARIES = YES;
				CODE_SIGN_STYLE = Automatic;
				CURRENT_PROJECT_VERSION = 1;
				DEVELOPMENT_TEAM = 4U392EMNT3;
				GENERATE_INFOPLIST_FILE = YES;
				MARKETING_VERSION = 1.0;
				PRODUCT_BUNDLE_IDENTIFIER = com.designatednerd.RadioactiveCatUITests;
				PRODUCT_NAME = "$(TARGET_NAME)";
				SWIFT_EMIT_LOC_STRINGS = NO;
				SWIFT_VERSION = 5.0;
				TARGETED_DEVICE_FAMILY = "1,2";
				TEST_TARGET_NAME = RadioactiveCat;
			};
			name = Release;
		};
/* End XCBuildConfiguration section */

/* Begin XCConfigurationList section */
		9B86347128BBCE9300F046A4 /* Build configuration list for PBXProject "RadioactiveCat" */ = {
			isa = XCConfigurationList;
			buildConfigurations = (
				9B86349828BBCE9400F046A4 /* Debug */,
				9B86349928BBCE9400F046A4 /* Release */,
			);
			defaultConfigurationIsVisible = 0;
			defaultConfigurationName = Release;
		};
		9B86349A28BBCE9400F046A4 /* Build configuration list for PBXNativeTarget "RadioactiveCat" */ = {
			isa = XCConfigurationList;
			buildConfigurations = (
				9B86349B28BBCE9400F046A4 /* Debug */,
				9B86349C28BBCE9400F046A4 /* Release */,
			);
			defaultConfigurationIsVisible = 0;
			defaultConfigurationName = Release;
		};
		9B86349D28BBCE9400F046A4 /* Build configuration list for PBXNativeTarget "RadioactiveCatTests" */ = {
			isa = XCConfigurationList;
			buildConfigurations = (
				9B86349E28BBCE9400F046A4 /* Debug */,
				9B86349F28BBCE9400F046A4 /* Release */,
			);
			defaultConfigurationIsVisible = 0;
			defaultConfigurationName = Release;
		};
		9B8634A028BBCE9400F046A4 /* Build configuration list for PBXNativeTarget "RadioactiveCatUITests" */ = {
			isa = XCConfigurationList;
			buildConfigurations = (
				9B8634A128BBCE9400F046A4 /* Debug */,
				9B8634A228BBCE9400F046A4 /* Release */,
			);
			defaultConfigurationIsVisible = 0;
			defaultConfigurationName = Release;
		};
/* End XCConfigurationList section */
	};
	rootObject = 9B86346E28BBCE9300F046A4 /* Project object */;
}
